# THIS IS AN AUTOGENERATED FILE. DO NOT EDIT THIS FILE DIRECTLY.
# yarn lockfile v1


js-autocomplete@^1.0.4:
  version "1.0.4"
  resolved "https://registry.yarnpkg.com/js-autocomplete/-/js-autocomplete-1.0.4.tgz#be88231719a80e89724d0c20f778270c3c0b577d"
  integrity sha1-vogjFxmoDolyTQwg93gnDDwLV30=
